
Microsoft Visual Studio Solution File, Format Version 12.00
# Visual Studio Version 17
VisualStudioVersion = 17.13.36105.23 d17.13
MinimumVisualStudioVersion = 10.0.40219.1
Project("{FAE04EC0-301F-11D3-BF4B-00C04F79EFBC}") = "FinacialProjectVersion3", "FinacialProjectVersion3\FinacialProjectVersion3.csproj", "{8FA8DC19-7DD2-41E8-B812-DA96075607D3}"
EndProject
Global
	GlobalSection(SolutionConfigurationPlatforms) = preSolution
		Debug|Any CPU = Debug|Any CPU
		Release|Any CPU = Release|Any CPU
	EndGlobalSection
	GlobalSection(ProjectConfigurationPlatforms) = postSolution
		{8FA8DC19-7DD2-41E8-B812-DA96075607D3}.Debug|Any CPU.ActiveCfg = Debug|Any CPU
		{8FA8DC19-7DD2-41E8-B812-DA96075607D3}.Debug|Any CPU.Build.0 = Debug|Any CPU
		{8FA8DC19-7DD2-41E8-B812-DA96075607D3}.Release|Any CPU.ActiveCfg = Release|Any CPU
		{8FA8DC19-7DD2-41E8-B812-DA96075607D3}.Release|Any CPU.Build.0 = Release|Any CPU
	EndGlobalSection
	GlobalSection(SolutionProperties) = preSolution
		HideSolutionNode = FALSE
	EndGlobalSection
	GlobalSection(ExtensibilityGlobals) = postSolution
		SolutionGuid = {7EB51938-D77C-44E5-AE6C-BAD9B48910CC}
	EndGlobalSection
EndGlobal
